
Microsoft Visual Studio Solution File, Format Version 12.00
# Visual Studio 2012
Project("{FAE04EC0-301F-11D3-BF4B-00C04F79EFBC}") = "JqDataTables", "JqDataTables\JqDataTables.csproj", "{59A0DF55-C660-4571-9762-B3CA8F7241BA}"
EndProject
Project("{FAE04EC0-301F-11D3-BF4B-00C04F79EFBC}") = "JqDatatablesMVC", "JqDatatablesMVC\JqDatatablesMVC.csproj", "{583EC65B-6C72-4C95-AA5F-1ABD60F6C00D}"
EndProject
Global
	GlobalSection(SolutionConfigurationPlatforms) = preSolution
		Debug|Any CPU = Debug|Any CPU
		Release|Any CPU = Release|Any CPU
	EndGlobalSection
	GlobalSection(ProjectConfigurationPlatforms) = postSolution
		{59A0DF55-C660-4571-9762-B3CA8F7241BA}.Debug|Any CPU.ActiveCfg = Debug|Any CPU
		{59A0DF55-C660-4571-9762-B3CA8F7241BA}.Debug|Any CPU.Build.0 = Debug|Any CPU
		{59A0DF55-C660-4571-9762-B3CA8F7241BA}.Release|Any CPU.ActiveCfg = Release|Any CPU
		{59A0DF55-C660-4571-9762-B3CA8F7241BA}.Release|Any CPU.Build.0 = Release|Any CPU
		{583EC65B-6C72-4C95-AA5F-1ABD60F6C00D}.Debug|Any CPU.ActiveCfg = Debug|Any CPU
		{583EC65B-6C72-4C95-AA5F-1ABD60F6C00D}.Debug|Any CPU.Build.0 = Debug|Any CPU
		{583EC65B-6C72-4C95-AA5F-1ABD60F6C00D}.Release|Any CPU.ActiveCfg = Release|Any CPU
		{583EC65B-6C72-4C95-AA5F-1ABD60F6C00D}.Release|Any CPU.Build.0 = Release|Any CPU
	EndGlobalSection
	GlobalSection(SolutionProperties) = preSolution
		HideSolutionNode = FALSE
	EndGlobalSection
EndGlobal
